{
  "version": "5",
  "redirects": {
    "https://esm.sh/@supabase/node-fetch@^2.6.14?target=denonext": "https://esm.sh/@supabase/node-fetch@2.6.15?target=denonext",
    "https://esm.sh/bufferutil@^4.0.1?target=denonext": "https://esm.sh/bufferutil@4.1.0?target=denonext",
    "https://esm.sh/node-gyp-build@^4.3.0?target=denonext": "https://esm.sh/node-gyp-build@4.8.4?target=denonext",
    "https://esm.sh/tr46@~0.0.3?target=denonext": "https://esm.sh/tr46@0.0.3?target=denonext",
    "https://esm.sh/utf-8-validate@%3E=5.0.2?target=denonext": "https://esm.sh/utf-8-validate@6.0.6?target=denonext",
    "https://esm.sh/webidl-conversions@^3.0.0?target=denonext": "https://esm.sh/webidl-conversions@3.0.1?target=denonext",
    "https://esm.sh/whatwg-url@^5.0.0?target=denonext": "https://esm.sh/whatwg-url@5.0.0?target=denonext",
    "https://esm.sh/ws@^8.14.2?target=denonext": "https://esm.sh/ws@8.21.0?target=denonext"
  },
  "remote": {
    "https://cdn.skypack.dev/-/debug@v4.3.4-o4liVvMlOnQWbLSYZMXw/dist=es2019,mode=imports/optimized/debug.js": "671100993996e39b501301a87000607916d4d2d9f8fc8e9c5200ae5ba64a1389",
    "https://cdn.skypack.dev/-/ms@v2.1.2-giBDZ1IA5lmQ3ZXaa87V/dist=es2019,mode=imports/optimized/ms.js": "fd88e2d51900437011f1ad232f3393ce97db1b87a7844b3c58dd6d65562c1276",
    "https://cdn.skypack.dev/debug@4.3.4": "7b1d010cc930f71b940ba5941da055bc181115229e29de7214bdb4425c68ea76",
    "https://deno.land/std@0.211.0/path/_common/assert_path.ts": "2ca275f36ac1788b2acb60fb2b79cb06027198bc2ba6fb7e163efaedde98c297",
    "https://deno.land/std@0.211.0/path/_common/basename.ts": "569744855bc8445f3a56087fd2aed56bdad39da971a8d92b138c9913aecc5fa2",
    "https://deno.land/std@0.211.0/path/_common/constants.ts": "dc5f8057159f4b48cd304eb3027e42f1148cf4df1fb4240774d3492b5d12ac0c",
    "https://deno.land/std@0.211.0/path/_common/strip_trailing_separators.ts": "7024a93447efcdcfeaa9339a98fa63ef9d53de363f1fbe9858970f1bba02655a",
    "https://deno.land/std@0.211.0/path/_os.ts": "8fb9b90fb6b753bd8c77cfd8a33c2ff6c5f5bc185f50de8ca4ac6a05710b2c15",
    "https://deno.land/std@0.211.0/path/basename.ts": "5d341aadb7ada266e2280561692c165771d071c98746fcb66da928870cd47668",
    "https://deno.land/std@0.211.0/path/posix/_util.ts": "1e3937da30f080bfc99fe45d7ed23c47dd8585c5e473b2d771380d3a6937cf9d",
    "https://deno.land/std@0.211.0/path/posix/basename.ts": "39ee27a29f1f35935d3603ccf01d53f3d6e0c5d4d0f84421e65bd1afeff42843",
    "https://deno.land/std@0.211.0/path/windows/_util.ts": "d5f47363e5293fced22c984550d5e70e98e266cc3f31769e1710511803d04808",
    "https://deno.land/std@0.211.0/path/windows/basename.ts": "e2dbf31d1d6385bfab1ce38c333aa290b6d7ae9e0ecb8234a654e583cf22f8fe",
    "https://deno.land/x/grammy@v1.25.0/bot.ts": "291fec55778b8ff25112be28ee24ed3d68ea58f8a07e6fe9584953c242564ef3",
    "https://deno.land/x/grammy@v1.25.0/composer.ts": "a86dcd6c83e91f720ceb85dab2b1c7b966fc18fc6440848b87b4897fcaa63fc8",
    "https://deno.land/x/grammy@v1.25.0/context.ts": "1e09130748415d44c0f51835cdaf75e42a2bb620ef94ffeb0c161b21cbbe1ece",
    "https://deno.land/x/grammy@v1.25.0/convenience/constants.ts": "1560129784be52f49aa0bea8716f09ed00dac367fef195be6a2c09bdfc43fb99",
    "https://deno.land/x/grammy@v1.25.0/convenience/frameworks.ts": "69f343980c349f9552a022ae732b3d5de0894013df0fd304b4ad29bd62425dc1",
    "https://deno.land/x/grammy@v1.25.0/convenience/inline_query.ts": "409d1940c7670708064efa495003bcbfdf6763a756b2e6303c464489fd3394ff",
    "https://deno.land/x/grammy@v1.25.0/convenience/input_media.ts": "7af72a5fdb1af0417e31b1327003f536ddfdf64e06ab8bc7f5da6b574de38658",
    "https://deno.land/x/grammy@v1.25.0/convenience/keyboard.ts": "6223ded897b1a02de2a35c5c2574415ca9bdf24538a136692e897ec51c16c76b",
    "https://deno.land/x/grammy@v1.25.0/convenience/session.ts": "931fc31b58c6c9fee1d969505027e060fc5a2784a9219d9303da84e849532071",
    "https://deno.land/x/grammy@v1.25.0/convenience/webhook.ts": "31efc3dd6b48bbe47aa13d2103461eda8c42835c507b08b5bf1500c3d8593ce8",
    "https://deno.land/x/grammy@v1.25.0/core/api.ts": "0f385b35fe398722e8184115deaf0435cb0f08cf9012d3eb1258aad8d66db79c",
    "https://deno.land/x/grammy@v1.25.0/core/client.ts": "df622a135e71229ffe722406850c9c08b90dcdd4d049b46926128599c73f9dc5",
    "https://deno.land/x/grammy@v1.25.0/core/error.ts": "553ec19e1ec51d8161d7f54891d345533aa07232005575549e8b7c919ee4795e",
    "https://deno.land/x/grammy@v1.25.0/core/payload.ts": "420e17c3c2830b5576ea187cfce77578fe09f1204b25c25ea2f220ca7c86e73b",
    "https://deno.land/x/grammy@v1.25.0/filter.ts": "80ff3358f05b352ac48f629cacbf54f2a88889552720821b7ef232b529952bed",
    "https://deno.land/x/grammy@v1.25.0/mod.ts": "7723e08709ff7fd01df3e463503e14e4fd1a581669380eed70351e1121e8a833",
    "https://deno.land/x/grammy@v1.25.0/platform.deno.ts": "68272a7e1d9a2d74d8a45342526485dbc0531dee812f675d7f8a4e7fc8393028",
    "https://deno.land/x/grammy@v1.25.0/types.deno.ts": "4e093ea34b567412e1aef8f76c03c1acd6c332da65a4d555c7b489184a5e5c56",
    "https://deno.land/x/grammy@v1.25.0/types.ts": "729415590dfa188dbe924dea614dff4e976babdbabb28a307b869fc25777cdf0",
    "https://deno.land/x/grammy_types@v3.9.0/api.ts": "ae04d6628e3d25ae805bc07a19475065044fc44cde0a40877405bc3544d03a5f",
    "https://deno.land/x/grammy_types@v3.9.0/inline.ts": "9bc165676a2bb984525adf2c457cdf5f432016b25c3d399dceedfeaf638dbf29",
    "https://deno.land/x/grammy_types@v3.9.0/langs.ts": "5f5fd09c58ba3ae942dd7cea2696f95587d2032c1829bba4bca81762b7ef73b6",
    "https://deno.land/x/grammy_types@v3.9.0/manage.ts": "1520ae589dbfcdbfba1b8dcf5486c18ec880aaa7382e2ccf4f9176e8f79aa0e9",
    "https://deno.land/x/grammy_types@v3.9.0/markup.ts": "7430abcea68d294df73a433f621a37cf1281718d3e29e903ed1e474038c7489d",
    "https://deno.land/x/grammy_types@v3.9.0/message.ts": "d07eb19830f6c694ad468eb8b6201f6ffea1acb7565510da380b9ab66e699733",
    "https://deno.land/x/grammy_types@v3.9.0/methods.ts": "33cacec1eddec0ee1ced201af54401eda045197ccb7e72dea640b35165e6ba45",
    "https://deno.land/x/grammy_types@v3.9.0/mod.ts": "7ecea1d3f7085d64419b78183039c78d70d655aeaa8b07f118ffbfb823f5b0b7",
    "https://deno.land/x/grammy_types@v3.9.0/passport.ts": "19820e7d6c279521f8bc8912d6a378239f73d4ab525453808994b5f44ef95215",
    "https://deno.land/x/grammy_types@v3.9.0/payment.ts": "e12f89415d264c9c1e54e0b75f72ece2dbfbab68b4e8dd9cb8171758e85c355c",
    "https://deno.land/x/grammy_types@v3.9.0/settings.ts": "5e989f5bd6c587d55673bd8052293869aa2f372e9223dd7f6e28632bfe021b6e",
    "https://deno.land/x/grammy_types@v3.9.0/update.ts": "7033ebfbecf6fbbd2d68f7a3550c9b04e553228a2143104fc63c42dd7f8f6881",
    "https://esm.sh/@supabase/auth-js@2.64.4/denonext/auth-js.mjs": "a72d41796602ae950f8b7b980a629ccb4ac45376f0e510503c7a5e16019f4362",
    "https://esm.sh/@supabase/functions-js@2.4.1/denonext/functions-js.mjs": "0dfa81270bba8ae5af371b273a564203b4625b3a18e70774235b0b46ef40d940",
    "https://esm.sh/@supabase/node-fetch@2.6.15/denonext/node-fetch.mjs": "0bae9052231f4f6dbccc7234d05ea96923dbf967be12f402764580b6bf9f713d",
    "https://esm.sh/@supabase/node-fetch@2.6.15?target=denonext": "4d28c4ad97328403184353f68434f2b6973971507919e9150297413664919cf3",
    "https://esm.sh/@supabase/postgrest-js@1.15.8/denonext/postgrest-js.mjs": "e38ab1fbd1d7ed325e3ddc20c72001d3653151c3d3be3455d682b141321a345d",
    "https://esm.sh/@supabase/realtime-js@2.10.2/denonext/realtime-js.mjs": "3a5a350e881736135ec1bd8c4361c96edeb647d3c56be7cf3a68eddfaf3ce242",
    "https://esm.sh/@supabase/storage-js@2.6.0/denonext/storage-js.mjs": "d3f8b6f5f538cd0d8f88ed0248c3b5dc845d9ca41500589e19fbfc734c8952de",
    "https://esm.sh/@supabase/supabase-js@2.45.0": "36ae57c3f2dc3f94fd122a846b40a87114d29bb2f47e910cb46bee5575febf2e",
    "https://esm.sh/@supabase/supabase-js@2.45.0/denonext/supabase-js.mjs": "59c4845d0798118ff097b3295b5a6f3ef63d18ff4a31bf8125e91b467e0be7a6",
    "https://esm.sh/bufferutil@4.1.0/denonext/bufferutil.mjs": "9b6e81087bdc57848ad1de1f8618ebbace98ebd9ff6cab51260b48c2a045a9c9",
    "https://esm.sh/bufferutil@4.1.0?target=denonext": "aaa2a112199593ccc40da1aedf5124779862ea166afb0a8529f04f907001428a",
    "https://esm.sh/node-gyp-build@4.8.4/denonext/node-gyp-build.mjs": "9a86f2d044fc77bd60aaa3d697c2ba1b818da5fb1b9aaeedec59a40b8e908803",
    "https://esm.sh/node-gyp-build@4.8.4?target=denonext": "261a6cedf1fdbf159798141ba1e2311ac1510682c5c8b55dacc8cf5fdee4aa06",
    "https://esm.sh/tr46@0.0.3/denonext/tr46.mjs": "5753ec0a99414f4055f0c1f97691100f13d88e48a8443b00aebb90a512785fa2",
    "https://esm.sh/tr46@0.0.3?target=denonext": "19cb9be0f0d418a0c3abb81f2df31f080e9540a04e43b0f699bce1149cba0cbb",
    "https://esm.sh/utf-8-validate@6.0.6/denonext/utf-8-validate.mjs": "4a41983aa887625615f52a52b53c223d8f16c74e52a6bd41b2c361894c07f878",
    "https://esm.sh/utf-8-validate@6.0.6?target=denonext": "8afa4e097093160323f232f971ca61474d22ccafdac8025e4e4f66ab4e07b2c4",
    "https://esm.sh/webidl-conversions@3.0.1/denonext/webidl-conversions.mjs": "238cd0743827707cbc1c2d7c2cf1027dbc536fb53ec9a3fde0ff8026a3ac5385",
    "https://esm.sh/webidl-conversions@3.0.1?target=denonext": "4e20318d50528084616c79d7b3f6e7f0fe7b6d09013bd01b3974d7448d767e29",
    "https://esm.sh/whatwg-url@5.0.0/denonext/whatwg-url.mjs": "29b16d74ee72624c915745bbd25b617cfd2248c6af0f5120d131e232a9a9af79",
    "https://esm.sh/whatwg-url@5.0.0?target=denonext": "f001a2cadf81312d214ca330033f474e74d81a003e21e8c5d70a1f46dc97b02d",
    "https://esm.sh/ws@8.21.0/denonext/ws.mjs": "2123ca54b24f3afe1eaf408d9e6b39147b05cda4c3c0c7773465e44c86964671",
    "https://esm.sh/ws@8.21.0?target=denonext": "bbe46738716c3f43e77c16cd757403a4a9e8bcca1559f405c06fe59e5b6f3de5"
  }
}
